
Microsoft Visual Studio Solution File, Format Version 12.00
# Visual Studio 15
VisualStudioVersion = 15.0.26730.8
MinimumVisualStudioVersion = 10.0.40219.1
Project("{FAE04EC0-301F-11D3-BF4B-00C04F79EFBC}") = "ZodiacCiphers", "ZodiacCiphers\ZodiacCiphers.csproj", "{C675C0AB-5265-4FDF-901C-214E801BC704}"
EndProject
Project("{FAE04EC0-301F-11D3-BF4B-00C04F79EFBC}") = "ZodiacCiphers.Tests", "ZodiacCiphers.Tests\ZodiacCiphers.Tests.csproj", "{44BAD9B0-CB0E-4469-BDAE-5CC509064EFC}"
EndProject
Global
	GlobalSection(SolutionConfigurationPlatforms) = preSolution
		Debug|Any CPU = Debug|Any CPU
		Release|Any CPU = Release|Any CPU
	EndGlobalSection
	GlobalSection(ProjectConfigurationPlatforms) = postSolution
		{C675C0AB-5265-4FDF-901C-214E801BC704}.Debug|Any CPU.ActiveCfg = Debug|Any CPU
		{C675C0AB-5265-4FDF-901C-214E801BC704}.Debug|Any CPU.Build.0 = Debug|Any CPU
		{C675C0AB-5265-4FDF-901C-214E801BC704}.Release|Any CPU.ActiveCfg = Release|Any CPU
		{C675C0AB-5265-4FDF-901C-214E801BC704}.Release|Any CPU.Build.0 = Release|Any CPU
		{44BAD9B0-CB0E-4469-BDAE-5CC509064EFC}.Debug|Any CPU.ActiveCfg = Debug|Any CPU
		{44BAD9B0-CB0E-4469-BDAE-5CC509064EFC}.Debug|Any CPU.Build.0 = Debug|Any CPU
		{44BAD9B0-CB0E-4469-BDAE-5CC509064EFC}.Release|Any CPU.ActiveCfg = Release|Any CPU
		{44BAD9B0-CB0E-4469-BDAE-5CC509064EFC}.Release|Any CPU.Build.0 = Release|Any CPU
	EndGlobalSection
	GlobalSection(SolutionProperties) = preSolution
		HideSolutionNode = FALSE
	EndGlobalSection
	GlobalSection(ExtensibilityGlobals) = postSolution
		SolutionGuid = {073E8852-34C2-4CA2-B00C-03A9E82C67EC}
	EndGlobalSection
EndGlobal
